
Microsoft Visual Studio Solution File, Format Version 12.00
# Visual Studio Version 17
VisualStudioVersion = 17.13.35818.85 d17.13
MinimumVisualStudioVersion = 10.0.40219.1
Project("{FAE04EC0-301F-11D3-BF4B-00C04F79EFBC}") = "MultiTaskManager", "MultiTaskManager.csproj", "{3006FECC-70CA-4B27-B69E-DC3447178642}"
EndProject
Global
	GlobalSection(SolutionConfigurationPlatforms) = preSolution
		Debug|Any CPU = Debug|Any CPU
		Release|Any CPU = Release|Any CPU
	EndGlobalSection
	GlobalSection(ProjectConfigurationPlatforms) = postSolution
		{3006FECC-70CA-4B27-B69E-DC3447178642}.Debug|Any CPU.ActiveCfg = Debug|Any CPU
		{3006FECC-70CA-4B27-B69E-DC3447178642}.Debug|Any CPU.Build.0 = Debug|Any CPU
		{3006FECC-70CA-4B27-B69E-DC3447178642}.Release|Any CPU.ActiveCfg = Release|Any CPU
		{3006FECC-70CA-4B27-B69E-DC3447178642}.Release|Any CPU.Build.0 = Release|Any CPU
	EndGlobalSection
	GlobalSection(SolutionProperties) = preSolution
		HideSolutionNode = FALSE
	EndGlobalSection
	GlobalSection(ExtensibilityGlobals) = postSolution
		SolutionGuid = {C2D8B59F-6317-4FBF-8C61-DEA0969E1AD1}
	EndGlobalSection
EndGlobal
